
Microsoft Visual Studio Solution File, Format Version 12.00
# Visual Studio Version 17
VisualStudioVersion = 17.14.37301.10 d17.14
MinimumVisualStudioVersion = 10.0.40219.1
Project("{FAE04EC0-301F-11D3-BF4B-00C04F79EFBC}") = "ClinicaDentSystem", "ClinicaDentSystem\ClinicaDentSystem.csproj", "{AF526DD3-7EA5-4FC9-9A91-50BEEFED1C00}"
EndProject
Global
	GlobalSection(SolutionConfigurationPlatforms) = preSolution
		Debug|Any CPU = Debug|Any CPU
		Release|Any CPU = Release|Any CPU
	EndGlobalSection
	GlobalSection(ProjectConfigurationPlatforms) = postSolution
		{AF526DD3-7EA5-4FC9-9A91-50BEEFED1C00}.Debug|Any CPU.ActiveCfg = Debug|Any CPU
		{AF526DD3-7EA5-4FC9-9A91-50BEEFED1C00}.Debug|Any CPU.Build.0 = Debug|Any CPU
		{AF526DD3-7EA5-4FC9-9A91-50BEEFED1C00}.Release|Any CPU.ActiveCfg = Release|Any CPU
		{AF526DD3-7EA5-4FC9-9A91-50BEEFED1C00}.Release|Any CPU.Build.0 = Release|Any CPU
	EndGlobalSection
	GlobalSection(SolutionProperties) = preSolution
		HideSolutionNode = FALSE
	EndGlobalSection
	GlobalSection(ExtensibilityGlobals) = postSolution
		SolutionGuid = {6BD36BEF-7FE4-4F02-B2A7-4C447F373488}
	EndGlobalSection
EndGlobal
